
Microsoft Visual Studio Solution File, Format Version 12.00
# Visual Studio Version 17
VisualStudioVersion = 17.0.31903.59
MinimumVisualStudioVersion = 10.0.40219.1
Project("{2150E333-8FDC-42A3-9474-1A3956D46DE8}") = "DotNetCoreAPI_Dapper", "DotNetCoreAPI_Dapper", "{F67A0001-058C-8C6F-2447-D0A0C19BAC48}"
EndProject
Project("{FAE04EC0-301F-11D3-BF4B-00C04F79EFBC}") = "DapperApi", "DotNetCoreAPI_Dapper\DapperApi.csproj", "{B72C467E-C754-4066-935E-E63B0DFD3CFC}"
EndProject
Project("{00D1A9C2-B5F0-4AF3-8072-F6C62B433612}") = "DotNetAPI-DB", "DotNetAPI-DB\DotNetAPI-DB.sqlproj", "{627E879B-EBC6-4937-92A5-20B9F17C754C}"
EndProject
Global
	GlobalSection(SolutionConfigurationPlatforms) = preSolution
		Debug|Any CPU = Debug|Any CPU
		Debug|x64 = Debug|x64
		Debug|x86 = Debug|x86
		Release|Any CPU = Release|Any CPU
		Release|x64 = Release|x64
		Release|x86 = Release|x86
	EndGlobalSection
	GlobalSection(ProjectConfigurationPlatforms) = postSolution
		{B72C467E-C754-4066-935E-E63B0DFD3CFC}.Debug|Any CPU.ActiveCfg = Debug|Any CPU
		{B72C467E-C754-4066-935E-E63B0DFD3CFC}.Debug|Any CPU.Build.0 = Debug|Any CPU
		{B72C467E-C754-4066-935E-E63B0DFD3CFC}.Debug|x64.ActiveCfg = Debug|Any CPU
		{B72C467E-C754-4066-935E-E63B0DFD3CFC}.Debug|x64.Build.0 = Debug|Any CPU
		{B72C467E-C754-4066-935E-E63B0DFD3CFC}.Debug|x86.ActiveCfg = Debug|Any CPU
		{B72C467E-C754-4066-935E-E63B0DFD3CFC}.Debug|x86.Build.0 = Debug|Any CPU
		{B72C467E-C754-4066-935E-E63B0DFD3CFC}.Release|Any CPU.ActiveCfg = Release|Any CPU
		{B72C467E-C754-4066-935E-E63B0DFD3CFC}.Release|Any CPU.Build.0 = Release|Any CPU
		{B72C467E-C754-4066-935E-E63B0DFD3CFC}.Release|x64.ActiveCfg = Release|Any CPU
		{B72C467E-C754-4066-935E-E63B0DFD3CFC}.Release|x64.Build.0 = Release|Any CPU
		{B72C467E-C754-4066-935E-E63B0DFD3CFC}.Release|x86.ActiveCfg = Release|Any CPU
		{B72C467E-C754-4066-935E-E63B0DFD3CFC}.Release|x86.Build.0 = Release|Any CPU
		{627E879B-EBC6-4937-92A5-20B9F17C754C}.Debug|Any CPU.ActiveCfg = Debug|Any CPU
		{627E879B-EBC6-4937-92A5-20B9F17C754C}.Debug|Any CPU.Build.0 = Debug|Any CPU
		{627E879B-EBC6-4937-92A5-20B9F17C754C}.Debug|Any CPU.Deploy.0 = Debug|Any CPU
		{627E879B-EBC6-4937-92A5-20B9F17C754C}.Debug|x64.ActiveCfg = Debug|Any CPU
		{627E879B-EBC6-4937-92A5-20B9F17C754C}.Debug|x64.Build.0 = Debug|Any CPU
		{627E879B-EBC6-4937-92A5-20B9F17C754C}.Debug|x64.Deploy.0 = Debug|Any CPU
		{627E879B-EBC6-4937-92A5-20B9F17C754C}.Debug|x86.ActiveCfg = Debug|Any CPU
		{627E879B-EBC6-4937-92A5-20B9F17C754C}.Debug|x86.Build.0 = Debug|Any CPU
		{627E879B-EBC6-4937-92A5-20B9F17C754C}.Debug|x86.Deploy.0 = Debug|Any CPU
		{627E879B-EBC6-4937-92A5-20B9F17C754C}.Release|Any CPU.ActiveCfg = Release|Any CPU
		{627E879B-EBC6-4937-92A5-20B9F17C754C}.Release|Any CPU.Build.0 = Release|Any CPU
		{627E879B-EBC6-4937-92A5-20B9F17C754C}.Release|Any CPU.Deploy.0 = Release|Any CPU
		{627E879B-EBC6-4937-92A5-20B9F17C754C}.Release|x64.ActiveCfg = Release|Any CPU
		{627E879B-EBC6-4937-92A5-20B9F17C754C}.Release|x64.Build.0 = Release|Any CPU
		{627E879B-EBC6-4937-92A5-20B9F17C754C}.Release|x64.Deploy.0 = Release|Any CPU
		{627E879B-EBC6-4937-92A5-20B9F17C754C}.Release|x86.ActiveCfg = Release|Any CPU
		{627E879B-EBC6-4937-92A5-20B9F17C754C}.Release|x86.Build.0 = Release|Any CPU
		{627E879B-EBC6-4937-92A5-20B9F17C754C}.Release|x86.Deploy.0 = Release|Any CPU
	EndGlobalSection
	GlobalSection(SolutionProperties) = preSolution
		HideSolutionNode = FALSE
	EndGlobalSection
	GlobalSection(NestedProjects) = preSolution
		{B72C467E-C754-4066-935E-E63B0DFD3CFC} = {F67A0001-058C-8C6F-2447-D0A0C19BAC48}
	EndGlobalSection
EndGlobal
